// !$*UTF8*$!
{
	archiveVersion = 1;
	classes = {
	};
	objectVersion = 46;
	objects = {

/* Begin PBXBuildFile section */
		A658F88D1F175C2900F7CD0C /* AppDelegate.swift in Sources */ = {isa = PBXBuildFile; fileRef = A658F88C1F175C2900F7CD0C /* AppDelegate.swift */; };
		A658F88F1F175C2900F7CD0C /* ViewController.swift in Sources */ = {isa = PBXBuildFile; fileRef = A658F88E1F175C2900F7CD0C /* ViewController.swift */; };
		A658F8921F175C2900F7CD0C /* Main.storyboard in Resources */ = {isa = PBXBuildFile; fileRef = A658F8901F175C2900F7CD0C /* Main.storyboard */; };
		A658F8941F175C2900F7CD0C /* Assets.xcassets in Resources */ = {isa = PBXBuildFile; fileRef = A658F8931F175C2900F7CD0C /* Assets.xcassets */; };
		A658F8971F175C2900F7CD0C /* LaunchScreen.storyboard in Resources */ = {isa = PBXBuildFile; fileRef = A658F8951F175C2900F7CD0C /* LaunchScreen.storyboard */; };
/* End PBXBuildFile section */

/* Begin PBXFileReference section */
		A658F8891F175C2900F7CD0C /* FKFinderDemo.app */ = {isa = PBXFileReference; explicitFileType = wrapper.application; includeInIndex = 0; path = FKFinderDemo.app; sourceTree = BUILT_PRODUCTS_DIR; };
		A658F88C1F175C2900F7CD0C /* AppDelegate.swift */ = {isa = PBXFileReference; lastKnownFileType = sourcecode.swift; path = AppDelegate.swift; sourceTree = "<group>"; };
		A658F88E1F175C2900F7CD0C /* ViewController.swift */ = {isa = PBXFileReference; lastKnownFileType = sourcecode.swift; path = ViewController.swift; sourceTree = "<group>"; };
		A658F8911F175C2900F7CD0C /* Base */ = {isa = PBXFileReference; lastKnownFileType = file.storyboard; name = Base; path = Base.lproj/Main.storyboard; sourceTree = "<group>"; };
		A658F8931F175C2900F7CD0C /* Assets.xcassets */ = {isa = PBXFileReference; lastKnownFileType = folder.assetcatalog; path = Assets.xcassets; sourceTree = "<group>"; };
		A658F8961F175C2900F7CD0C /* Base */ = {isa = PBXFileReference; lastKnownFileType = file.storyboard; name = Base; path = Base.lproj/LaunchScreen.storyboard; sourceTree = "<group>"; };
		A658F8981F175C2900F7CD0C /* Info.plist */ = {isa = PBXFileReference; lastKnownFileType = text.plist.xml; path = Info.plist; sourceTree = "<group>"; };
/* End PBXFileReference section */

/* Begin PBXFrameworksBuildPhase section */
		A658F8861F175C2900F7CD0C /* Frameworks */ = {
			isa = PBXFrameworksBuildPhase;
			buildActionMask = 2147483647;
			files = (
			);
			runOnlyForDeploymentPostprocessing = 0;
		};
/* End PBXFrameworksBuildPhase section */

/* Begin PBXGroup section */
		A658F8801F175C2900F7CD0C = {
			isa = PBXGroup;
			children = (
				A658F88B1F175C2900F7CD0C /* FKFinderDemo */,
				A658F88A1F175C2900F7CD0C /* Products */,
			);
			sourceTree = "<group>";
		};
		A658F88A1F175C2900F7CD0C /* Products */ = {
			isa = PBXGroup;
			children = (
				A658F8891F175C2900F7CD0C /* FKFinderDemo.app */,
			);
			name = Products;
			sourceTree = "<group>";
		};
		A658F88B1F175C2900F7CD0C /* FKFinderDemo */ = {
			isa = PBXGroup;
			children = (
				A658F88C1F175C2900F7CD0C /* AppDelegate.swift */,
				A658F88E1F175C2900F7CD0C /* ViewController.swift */,
				A658F8901F175C2900F7CD0C /* Main.storyboard */,
				A658F8931F175C2900F7CD0C /* Assets.xcassets */,
				A658F8951F175C2900F7CD0C /* LaunchScreen.storyboard */,
				A658F8981F175C2900F7CD0C /* Info.plist */,
			);
			path = FKFinderDemo;
			sourceTree = "<group>";
		};
/* End PBXGroup section */

/* Begin PBXNativeTarget section */
		A658F8881F175C2900F7CD0C /* FKFinderDemo */ = {
			isa = PBXNativeTarget;
			buildConfigurationList = A658F89B1F175C2900F7CD0C /* Build configuration list for PBXNativeTarget "FKFinderDemo" */;
			buildPhases = (
				A658F8851F175C2900F7CD0C /* Sources */,
				A658F8861F175C2900F7CD0C /* Frameworks */,
				A658F8871F175C2900F7CD0C /* Resources */,
			);
			buildRules = (
			);
			dependencies = (
			);
			name = FKFinderDemo;
			productName = FKFinderDemo;
			productReference = A658F8891F175C2900F7CD0C /* FKFinderDemo.app */;
			productType = "com.apple.product-type.application";
		};
/* End PBXNativeTarget section */

/* Begin PBXProject section */
		A658F8811F175C2900F7CD0C /* Project object */ = {
			isa = PBXProject;
			attributes = {
				LastSwiftUpdateCheck = 0830;
				LastUpgradeCheck = 0830;
				ORGANIZATIONNAME = "Doge Studio";
				TargetAttributes = {
					A658F8881F175C2900F7CD0C = {
						CreatedOnToolsVersion = 8.3.3;
						DevelopmentTeam = 77M64ZZJGP;
						ProvisioningStyle = Automatic;
					};
				};
			};
			buildConfigurationList = A658F8841F175C2900F7CD0C /* Build configuration list for PBXProject "FKFinderDemo" */;
			compatibilityVersion = "Xcode 3.2";
			developmentRegion = English;
			hasScannedForEncodings = 0;
			knownRegions = (
				en,
				Base,
			);
			mainGroup = A658F8801F175C2900F7CD0C;
			productRefGroup = A658F88A1F175C2900F7CD0C /* Products */;
			projectDirPath = "";
			projectRoot = "";
			targets = (
				A658F8881F175C2900F7CD0C /* FKFinderDemo */,
			);
		};
/* End PBXProject section */

/* Begin PBXResourcesBuildPhase section */
		A658F8871F175C2900F7CD0C /* Resources */ = {
			isa = PBXResourcesBuildPhase;
			buildActionMask = 2147483647;
			files = (
				A658F8971F175C2900F7CD0C /* LaunchScreen.storyboard in Resources */,
				A658F8941F175C2900F7CD0C /* Assets.xcassets in Resources */,
				A658F8921F175C2900F7CD0C /* Main.storyboard in Resources */,
			);
			runOnlyForDeploymentPostprocessing = 0;
		};
/* End PBXResourcesBuildPhase section */

/* Begin PBXSourcesBuildPhase section */
		A658F8851F175C2900F7CD0C /* Sources */ = {
			isa = PBXSourcesBuildPhase;
			buildActionMask = 2147483647;
			files = (
				A658F88F1F175C2900F7CD0C /* ViewController.swift in Sources */,
				A658F88D1F175C2900F7CD0C /* AppDelegate.swift in Sources */,
			);
			runOnlyForDeploymentPostprocessing = 0;
		};
/* End PBXSourcesBuildPhase section */

/* Begin PBXVariantGroup section */
		A658F8901F175C2900F7CD0C /* Main.storyboard */ = {
			isa = PBXVariantGroup;
			children = (
				A658F8911F175C2900F7CD0C /* Base */,
			);
			name = Main.storyboard;
			sourceTree = "<group>";
		};
		A658F8951F175C2900F7CD0C /* LaunchScreen.storyboard */ = {
			isa = PBXVariantGroup;
			children = (
				A658F8961F175C2900F7CD0C /* Base */,
			);
			name = LaunchScreen.storyboard;
			sourceTree = "<group>";
		};
/* End PBXVariantGroup section */

/* Begin XCBuildConfiguration section */
		A658F8991F175C2900F7CD0C /* Debug */ = {
			isa = XCBuildConfiguration;
			buildSettings = {
				ALWAYS_SEARCH_USER_PATHS = NO;
				CLANG_ANALYZER_NONNULL = YES;
				CLANG_ANALYZER_NUMBER_OBJECT_CONVERSION = YES_AGGRESSIVE;
				CLANG_CXX_LANGUAGE_STANDARD = "gnu++0x";
				CLANG_CXX_LIBRARY = "libc++";
				CLANG_ENABLE_MODULES = YES;
				CLANG_ENABLE_OBJC_ARC = YES;
				CLANG_WARN_BOOL_CONVERSION = YES;
				CLANG_WARN_CONSTANT_CONVERSION = YES;
				CLANG_WARN_DIRECT_OBJC_ISA_USAGE = YES_ERROR;
				CLANG_WARN_DOCUMENTATION_COMMENTS = YES;
				CLANG_WARN_EMPTY_BODY = YES;
				CLANG_WARN_ENUM_CONVERSION = YES;
				CLANG_WARN_INFINITE_RECURSION = YES;
				CLANG_WARN_INT_CONVERSION = YES;
				CLANG_WARN_OBJC_ROOT_CLASS = YES_ERROR;
				CLANG_WARN_SUSPICIOUS_MOVE = YES;
				CLANG_WARN_UNREACHABLE_CODE = YES;
				CLANG_WARN__DUPLICATE_METHOD_MATCH = YES;
				"CODE_SIGN_IDENTITY[sdk=iphoneos*]" = "iPhone Developer";
				COPY_PHASE_STRIP = NO;
				DEBUG_INFORMATION_FORMAT = dwarf;
				ENABLE_STRICT_OBJC_MSGSEND = YES;
				ENABLE_TESTABILITY = YES;
				GCC_C_LANGUAGE_STANDARD = gnu99;
				GCC_DYNAMIC_NO_PIC = NO;
				GCC_NO_COMMON_BLOCKS = YES;
				GCC_OPTIMIZATION_LEVEL = 0;
				GCC_PREPROCESSOR_DEFINITIONS = (
					"DEBUG=1",
					"$(inherited)",
				);
				GCC_WARN_64_TO_32_BIT_CONVERSION = YES;
				GCC_WARN_ABOUT_RETURN_TYPE = YES_ERROR;
				GCC_WARN_UNDECLARED_SELECTOR = YES;
				GCC_WARN_UNINITIALIZED_AUTOS = YES_AGGRESSIVE;
				GCC_WARN_UNUSED_FUNCTION = YES;
				GCC_WARN_UNUSED_VARIABLE = YES;
				IPHONEOS_DEPLOYMENT_TARGET = 10.3;
				MTL_ENABLE_DEBUG_INFO = YES;
				ONLY_ACTIVE_ARCH = YES;
				SDKROOT = iphoneos;
				SWIFT_ACTIVE_COMPILATION_CONDITIONS = DEBUG;
				SWIFT_OPTIMIZATION_LEVEL = "-Onone";
				TARGETED_DEVICE_FAMILY = "1,2";
			};
			name = Debug;
		};
		A658F89A1F175C2900F7CD0C /* Release */ = {
			isa = XCBuildConfiguration;
			buildSettings = {
				ALWAYS_SEARCH_USER_PATHS = NO;
				CLANG_ANALYZER_NONNULL = YES;
				CLANG_ANALYZER_NUMBER_OBJECT_CONVERSION = YES_AGGRESSIVE;
				CLANG_CXX_LANGUAGE_STANDARD = "gnu++0x";
				CLANG_CXX_LIBRARY = "libc++";
				CLANG_ENABLE_MODULES = YES;
				CLANG_ENABLE_OBJC_ARC = YES;
				CLANG_WARN_BOOL_CONVERSION = YES;
				CLANG_WARN_CONSTANT_CONVERSION = YES;
				CLANG_WARN_DIRECT_OBJC_ISA_USAGE = YES_ERROR;
				CLANG_WARN_DOCUMENTATION_COMMENTS = YES;
				CLANG_WARN_EMPTY_BODY = YES;
				CLANG_WARN_ENUM_CONVERSION = YES;
				CLANG_WARN_INFINITE_RECURSION = YES;
				CLANG_WARN_INT_CONVERSION = YES;
				CLANG_WARN_OBJC_ROOT_CLASS = YES_ERROR;
				CLANG_WARN_SUSPICIOUS_MOVE = YES;
				CLANG_WARN_UNREACHABLE_CODE = YES;
				CLANG_WARN__DUPLICATE_METHOD_MATCH = YES;
				"CODE_SIGN_IDENTITY[sdk=iphoneos*]" = "iPhone Developer";
				COPY_PHASE_STRIP = NO;
				DEBUG_INFORMATION_FORMAT = "dwarf-with-dsym";
				ENABLE_NS_ASSERTIONS = NO;
				ENABLE_STRICT_OBJC_MSGSEND = YES;
				GCC_C_LANGUAGE_STANDARD = gnu99;
				GCC_NO_COMMON_BLOCKS = YES;
				GCC_WARN_64_TO_32_BIT_CONVERSION = YES;
				GCC_WARN_ABOUT_RETURN_TYPE = YES_ERROR;
				GCC_WARN_UNDECLARED_SELECTOR = YES;
				GCC_WARN_UNINITIALIZED_AUTOS = YES_AGGRESSIVE;
				GCC_WARN_UNUSED_FUNCTION = YES;
				GCC_WARN_UNUSED_VARIABLE = YES;
				IPHONEOS_DEPLOYMENT_TARGET = 10.3;
				MTL_ENABLE_DEBUG_INFO = NO;
				SDKROOT = iphoneos;
				SWIFT_OPTIMIZATION_LEVEL = "-Owholemodule";
				TARGETED_DEVICE_FAMILY = "1,2";
				VALIDATE_PRODUCT = YES;
			};
			name = Release;
		};
		A658F89C1F175C2900F7CD0C /* Debug */ = {
			isa = XCBuildConfiguration;
			buildSettings = {
				ASSETCATALOG_COMPILER_APPICON_NAME = AppIcon;
				DEVELOPMENT_TEAM = 77M64ZZJGP;
				INFOPLIST_FILE = FKFinderDemo/Info.plist;
				LD_RUNPATH_SEARCH_PATHS = "$(inherited) @executable_path/Frameworks";
				PRODUCT_BUNDLE_IDENTIFIER = com.FlyKite.FKFinderDemo;
				PRODUCT_NAME = "$(TARGET_NAME)";
				SWIFT_VERSION = 3.0;
			};
			name = Debug;
		};
		A658F89D1F175C2900F7CD0C /* Release */ = {
			isa = XCBuildConfiguration;
			buildSettings = {
				ASSETCATALOG_COMPILER_APPICON_NAME = AppIcon;
				DEVELOPMENT_TEAM = 77M64ZZJGP;
				INFOPLIST_FILE = FKFinderDemo/Info.plist;
				LD_RUNPATH_SEARCH_PATHS = "$(inherited) @executable_path/Frameworks";
				PRODUCT_BUNDLE_IDENTIFIER = com.FlyKite.FKFinderDemo;
				PRODUCT_NAME = "$(TARGET_NAME)";
				SWIFT_VERSION = 3.0;
			};
			name = Release;
		};
/* End XCBuildConfiguration section */

/* Begin XCConfigurationList section */
		A658F8841F175C2900F7CD0C /* Build configuration list for PBXProject "FKFinderDemo" */ = {
			isa = XCConfigurationList;
			buildConfigurations = (
				A658F8991F175C2900F7CD0C /* Debug */,
				A658F89A1F175C2900F7CD0C /* Release */,
			);
			defaultConfigurationIsVisible = 0;
			defaultConfigurationName = Release;
		};
		A658F89B1F175C2900F7CD0C /* Build configuration list for PBXNativeTarget "FKFinderDemo" */ = {
			isa = XCConfigurationList;
			buildConfigurations = (
				A658F89C1F175C2900F7CD0C /* Debug */,
				A658F89D1F175C2900F7CD0C /* Release */,
			);
			defaultConfigurationIsVisible = 0;
		};
/* End XCConfigurationList section */
	};
	rootObject = A658F8811F175C2900F7CD0C /* Project object */;
}
